
Microsoft Visual Studio Solution File, Format Version 12.00
# Visual Studio Version 17
VisualStudioVersion = 17.5.002.0
MinimumVisualStudioVersion = 10.0.40219.1
Project("{9A19103F-16F7-4668-BE54-9A1E7A4F7556}") = "HiveServer", "HiveServer.csproj", "{C27BFE60-C8E8-4BCE-A847-CCE8669C5B57}"
EndProject
Global
	GlobalSection(SolutionConfigurationPlatforms) = preSolution
		Debug|Any CPU = Debug|Any CPU
		Release|Any CPU = Release|Any CPU
	EndGlobalSection
	GlobalSection(ProjectConfigurationPlatforms) = postSolution
		{C27BFE60-C8E8-4BCE-A847-CCE8669C5B57}.Debug|Any CPU.ActiveCfg = Debug|Any CPU
		{C27BFE60-C8E8-4BCE-A847-CCE8669C5B57}.Debug|Any CPU.Build.0 = Debug|Any CPU
		{C27BFE60-C8E8-4BCE-A847-CCE8669C5B57}.Release|Any CPU.ActiveCfg = Release|Any CPU
		{C27BFE60-C8E8-4BCE-A847-CCE8669C5B57}.Release|Any CPU.Build.0 = Release|Any CPU
	EndGlobalSection
	GlobalSection(SolutionProperties) = preSolution
		HideSolutionNode = FALSE
	EndGlobalSection
	GlobalSection(ExtensibilityGlobals) = postSolution
		SolutionGuid = {A647FB21-0E36-49F4-A62F-1CDE79FB01E1}
	EndGlobalSection
EndGlobal
